
Microsoft Visual Studio Solution File, Format Version 12.00
# Visual Studio Version 17
VisualStudioVersion = 17.5.33424.131
MinimumVisualStudioVersion = 10.0.40219.1
Project("{FAE04EC0-301F-11D3-BF4B-00C04F79EFBC}") = "Linq2023", "Linq2023\Linq2023.csproj", "{7787601C-5EFD-4894-847A-C5B062F6AB38}"
EndProject
Global
	GlobalSection(SolutionConfigurationPlatforms) = preSolution
		Debug|Any CPU = Debug|Any CPU
		Release|Any CPU = Release|Any CPU
	EndGlobalSection
	GlobalSection(ProjectConfigurationPlatforms) = postSolution
		{7787601C-5EFD-4894-847A-C5B062F6AB38}.Debug|Any CPU.ActiveCfg = Debug|Any CPU
		{7787601C-5EFD-4894-847A-C5B062F6AB38}.Debug|Any CPU.Build.0 = Debug|Any CPU
		{7787601C-5EFD-4894-847A-C5B062F6AB38}.Release|Any CPU.ActiveCfg = Release|Any CPU
		{7787601C-5EFD-4894-847A-C5B062F6AB38}.Release|Any CPU.Build.0 = Release|Any CPU
	EndGlobalSection
	GlobalSection(SolutionProperties) = preSolution
		HideSolutionNode = FALSE
	EndGlobalSection
	GlobalSection(ExtensibilityGlobals) = postSolution
		SolutionGuid = {271878D8-D928-4F84-90BE-A8A885CB85D7}
	EndGlobalSection
EndGlobal
